
Microsoft Visual Studio Solution File, Format Version 12.00
# Visual Studio Version 17
VisualStudioVersion = 17.3.32825.248
MinimumVisualStudioVersion = 10.0.40219.1
Project("{FAE04EC0-301F-11D3-BF4B-00C04F79EFBC}") = "Uzemanyag", "Uzemanyag\Uzemanyag.csproj", "{BDDBFDF0-2717-4DC1-B043-6A56DB0BA0A7}"
EndProject
Global
	GlobalSection(SolutionConfigurationPlatforms) = preSolution
		Debug|Any CPU = Debug|Any CPU
		Release|Any CPU = Release|Any CPU
	EndGlobalSection
	GlobalSection(ProjectConfigurationPlatforms) = postSolution
		{BDDBFDF0-2717-4DC1-B043-6A56DB0BA0A7}.Debug|Any CPU.ActiveCfg = Debug|Any CPU
		{BDDBFDF0-2717-4DC1-B043-6A56DB0BA0A7}.Debug|Any CPU.Build.0 = Debug|Any CPU
		{BDDBFDF0-2717-4DC1-B043-6A56DB0BA0A7}.Release|Any CPU.ActiveCfg = Release|Any CPU
		{BDDBFDF0-2717-4DC1-B043-6A56DB0BA0A7}.Release|Any CPU.Build.0 = Release|Any CPU
	EndGlobalSection
	GlobalSection(SolutionProperties) = preSolution
		HideSolutionNode = FALSE
	EndGlobalSection
	GlobalSection(ExtensibilityGlobals) = postSolution
		SolutionGuid = {D15D1FC5-DEAE-4841-8E7B-B50747F7A279}
	EndGlobalSection
EndGlobal
