
Microsoft Visual Studio Solution File, Format Version 12.00
# Visual Studio Version 17
VisualStudioVersion = 17.3.32825.248
MinimumVisualStudioVersion = 10.0.40219.1
Project("{FAE04EC0-301F-11D3-BF4B-00C04F79EFBC}") = "Első Projekt", "Első Projekt\Első Projekt.csproj", "{2ED4D010-0598-4761-8BA8-A15CBA3C334D}"
EndProject
Global
	GlobalSection(SolutionConfigurationPlatforms) = preSolution
		Debug|Any CPU = Debug|Any CPU
		Release|Any CPU = Release|Any CPU
	EndGlobalSection
	GlobalSection(ProjectConfigurationPlatforms) = postSolution
		{2ED4D010-0598-4761-8BA8-A15CBA3C334D}.Debug|Any CPU.ActiveCfg = Debug|Any CPU
		{2ED4D010-0598-4761-8BA8-A15CBA3C334D}.Debug|Any CPU.Build.0 = Debug|Any CPU
		{2ED4D010-0598-4761-8BA8-A15CBA3C334D}.Release|Any CPU.ActiveCfg = Release|Any CPU
		{2ED4D010-0598-4761-8BA8-A15CBA3C334D}.Release|Any CPU.Build.0 = Release|Any CPU
	EndGlobalSection
	GlobalSection(SolutionProperties) = preSolution
		HideSolutionNode = FALSE
	EndGlobalSection
	GlobalSection(ExtensibilityGlobals) = postSolution
		SolutionGuid = {479E34D6-14A5-4802-B8AB-3BE90E8D2B54}
	EndGlobalSection
EndGlobal
