
Microsoft Visual Studio Solution File, Format Version 12.00
# Visual Studio Version 17
VisualStudioVersion = 17.3.32825.248
MinimumVisualStudioVersion = 10.0.40219.1
Project("{FAE04EC0-301F-11D3-BF4B-00C04F79EFBC}") = "Első Projekt 2", "Első Projekt 2\Első Projekt 2.csproj", "{835676C2-797A-48BC-8533-1A104C0CAB47}"
EndProject
Global
	GlobalSection(SolutionConfigurationPlatforms) = preSolution
		Debug|Any CPU = Debug|Any CPU
		Release|Any CPU = Release|Any CPU
	EndGlobalSection
	GlobalSection(ProjectConfigurationPlatforms) = postSolution
		{835676C2-797A-48BC-8533-1A104C0CAB47}.Debug|Any CPU.ActiveCfg = Debug|Any CPU
		{835676C2-797A-48BC-8533-1A104C0CAB47}.Debug|Any CPU.Build.0 = Debug|Any CPU
		{835676C2-797A-48BC-8533-1A104C0CAB47}.Release|Any CPU.ActiveCfg = Release|Any CPU
		{835676C2-797A-48BC-8533-1A104C0CAB47}.Release|Any CPU.Build.0 = Release|Any CPU
	EndGlobalSection
	GlobalSection(SolutionProperties) = preSolution
		HideSolutionNode = FALSE
	EndGlobalSection
	GlobalSection(ExtensibilityGlobals) = postSolution
		SolutionGuid = {7F0382F2-CFA6-4437-B8F3-46B4EF8B8F5A}
	EndGlobalSection
EndGlobal
